
Microsoft Visual Studio Solution File, Format Version 12.00
# Visual Studio Version 17
VisualStudioVersion = 17.0.31903.59
MinimumVisualStudioVersion = 10.0.40219.1
Project("{2150E333-8FDC-42A3-9474-1A3956D46DE8}") = "src", "src", "{827E0CD3-B72D-47B6-A68D-7590B98EB39B}"
EndProject
Project("{FAE04EC0-301F-11D3-BF4B-00C04F79EFBC}") = "JobProcessor.Domain", "src\JobProcessor.Domain\JobProcessor.Domain.csproj", "{871CB317-38D4-44B8-8421-960D1A195311}"
EndProject
Project("{FAE04EC0-301F-11D3-BF4B-00C04F79EFBC}") = "JobProcessor.Application", "src\JobProcessor.Application\JobProcessor.Application.csproj", "{C297A91D-AD82-4309-9125-1435E629BE75}"
EndProject
Project("{FAE04EC0-301F-11D3-BF4B-00C04F79EFBC}") = "JobProcessor.Infrastructure", "src\JobProcessor.Infrastructure\JobProcessor.Infrastructure.csproj", "{22AC6E59-E779-4949-BD20-C657A0F3C89C}"
EndProject
Project("{FAE04EC0-301F-11D3-BF4B-00C04F79EFBC}") = "JobProcessor.API", "src\JobProcessor.API\JobProcessor.API.csproj", "{F6F98ED1-DAEC-44F3-91C5-E2AE68F76637}"
EndProject
Project("{FAE04EC0-301F-11D3-BF4B-00C04F79EFBC}") = "JobProcessor.Worker", "src\JobProcessor.Worker\JobProcessor.Worker.csproj", "{60B31829-7AFC-45C5-878A-68BD722CB53F}"
EndProject
Project("{2150E333-8FDC-42A3-9474-1A3956D46DE8}") = "tests", "tests", "{0AB3BF05-4346-4AA6-1389-037BE0695223}"
EndProject
Project("{FAE04EC0-301F-11D3-BF4B-00C04F79EFBC}") = "JobProcessor.Application.Tests", "tests\JobProcessor.Application.Tests\JobProcessor.Application.Tests.csproj", "{858C4E94-F7C5-468B-9034-948D5137301A}"
EndProject
Global
	GlobalSection(SolutionConfigurationPlatforms) = preSolution
		Debug|Any CPU = Debug|Any CPU
		Debug|x64 = Debug|x64
		Debug|x86 = Debug|x86
		Release|Any CPU = Release|Any CPU
		Release|x64 = Release|x64
		Release|x86 = Release|x86
	EndGlobalSection
	GlobalSection(ProjectConfigurationPlatforms) = postSolution
		{871CB317-38D4-44B8-8421-960D1A195311}.Debug|Any CPU.ActiveCfg = Debug|Any CPU
		{871CB317-38D4-44B8-8421-960D1A195311}.Debug|Any CPU.Build.0 = Debug|Any CPU
		{871CB317-38D4-44B8-8421-960D1A195311}.Debug|x64.ActiveCfg = Debug|Any CPU
		{871CB317-38D4-44B8-8421-960D1A195311}.Debug|x64.Build.0 = Debug|Any CPU
		{871CB317-38D4-44B8-8421-960D1A195311}.Debug|x86.ActiveCfg = Debug|Any CPU
		{871CB317-38D4-44B8-8421-960D1A195311}.Debug|x86.Build.0 = Debug|Any CPU
		{871CB317-38D4-44B8-8421-960D1A195311}.Release|Any CPU.ActiveCfg = Release|Any CPU
		{871CB317-38D4-44B8-8421-960D1A195311}.Release|Any CPU.Build.0 = Release|Any CPU
		{871CB317-38D4-44B8-8421-960D1A195311}.Release|x64.ActiveCfg = Release|Any CPU
		{871CB317-38D4-44B8-8421-960D1A195311}.Release|x64.Build.0 = Release|Any CPU
		{871CB317-38D4-44B8-8421-960D1A195311}.Release|x86.ActiveCfg = Release|Any CPU
		{871CB317-38D4-44B8-8421-960D1A195311}.Release|x86.Build.0 = Release|Any CPU
		{C297A91D-AD82-4309-9125-1435E629BE75}.Debug|Any CPU.ActiveCfg = Debug|Any CPU
		{C297A91D-AD82-4309-9125-1435E629BE75}.Debug|Any CPU.Build.0 = Debug|Any CPU
		{C297A91D-AD82-4309-9125-1435E629BE75}.Debug|x64.ActiveCfg = Debug|Any CPU
		{C297A91D-AD82-4309-9125-1435E629BE75}.Debug|x64.Build.0 = Debug|Any CPU
		{C297A91D-AD82-4309-9125-1435E629BE75}.Debug|x86.ActiveCfg = Debug|Any CPU
		{C297A91D-AD82-4309-9125-1435E629BE75}.Debug|x86.Build.0 = Debug|Any CPU
		{C297A91D-AD82-4309-9125-1435E629BE75}.Release|Any CPU.ActiveCfg = Release|Any CPU
		{C297A91D-AD82-4309-9125-1435E629BE75}.Release|Any CPU.Build.0 = Release|Any CPU
		{C297A91D-AD82-4309-9125-1435E629BE75}.Release|x64.ActiveCfg = Release|Any CPU
		{C297A91D-AD82-4309-9125-1435E629BE75}.Release|x64.Build.0 = Release|Any CPU
		{C297A91D-AD82-4309-9125-1435E629BE75}.Release|x86.ActiveCfg = Release|Any CPU
		{C297A91D-AD82-4309-9125-1435E629BE75}.Release|x86.Build.0 = Release|Any CPU
		{22AC6E59-E779-4949-BD20-C657A0F3C89C}.Debug|Any CPU.ActiveCfg = Debug|Any CPU
		{22AC6E59-E779-4949-BD20-C657A0F3C89C}.Debug|Any CPU.Build.0 = Debug|Any CPU
		{22AC6E59-E779-4949-BD20-C657A0F3C89C}.Debug|x64.ActiveCfg = Debug|Any CPU
		{22AC6E59-E779-4949-BD20-C657A0F3C89C}.Debug|x64.Build.0 = Debug|Any CPU
		{22AC6E59-E779-4949-BD20-C657A0F3C89C}.Debug|x86.ActiveCfg = Debug|Any CPU
		{22AC6E59-E779-4949-BD20-C657A0F3C89C}.Debug|x86.Build.0 = Debug|Any CPU
		{22AC6E59-E779-4949-BD20-C657A0F3C89C}.Release|Any CPU.ActiveCfg = Release|Any CPU
		{22AC6E59-E779-4949-BD20-C657A0F3C89C}.Release|Any CPU.Build.0 = Release|Any CPU
		{22AC6E59-E779-4949-BD20-C657A0F3C89C}.Release|x64.ActiveCfg = Release|Any CPU
		{22AC6E59-E779-4949-BD20-C657A0F3C89C}.Release|x64.Build.0 = Release|Any CPU
		{22AC6E59-E779-4949-BD20-C657A0F3C89C}.Release|x86.ActiveCfg = Release|Any CPU
		{22AC6E59-E779-4949-BD20-C657A0F3C89C}.Release|x86.Build.0 = Release|Any CPU
		{F6F98ED1-DAEC-44F3-91C5-E2AE68F76637}.Debug|Any CPU.ActiveCfg = Debug|Any CPU
		{F6F98ED1-DAEC-44F3-91C5-E2AE68F76637}.Debug|Any CPU.Build.0 = Debug|Any CPU
		{F6F98ED1-DAEC-44F3-91C5-E2AE68F76637}.Debug|x64.ActiveCfg = Debug|Any CPU
		{F6F98ED1-DAEC-44F3-91C5-E2AE68F76637}.Debug|x64.Build.0 = Debug|Any CPU
		{F6F98ED1-DAEC-44F3-91C5-E2AE68F76637}.Debug|x86.ActiveCfg = Debug|Any CPU
		{F6F98ED1-DAEC-44F3-91C5-E2AE68F76637}.Debug|x86.Build.0 = Debug|Any CPU
		{F6F98ED1-DAEC-44F3-91C5-E2AE68F76637}.Release|Any CPU.ActiveCfg = Release|Any CPU
		{F6F98ED1-DAEC-44F3-91C5-E2AE68F76637}.Release|Any CPU.Build.0 = Release|Any CPU
		{F6F98ED1-DAEC-44F3-91C5-E2AE68F76637}.Release|x64.ActiveCfg = Release|Any CPU
		{F6F98ED1-DAEC-44F3-91C5-E2AE68F76637}.Release|x64.Build.0 = Release|Any CPU
		{F6F98ED1-DAEC-44F3-91C5-E2AE68F76637}.Release|x86.ActiveCfg = Release|Any CPU
		{F6F98ED1-DAEC-44F3-91C5-E2AE68F76637}.Release|x86.Build.0 = Release|Any CPU
		{60B31829-7AFC-45C5-878A-68BD722CB53F}.Debug|Any CPU.ActiveCfg = Debug|Any CPU
		{60B31829-7AFC-45C5-878A-68BD722CB53F}.Debug|Any CPU.Build.0 = Debug|Any CPU
		{60B31829-7AFC-45C5-878A-68BD722CB53F}.Debug|x64.ActiveCfg = Debug|Any CPU
		{60B31829-7AFC-45C5-878A-68BD722CB53F}.Debug|x64.Build.0 = Debug|Any CPU
		{60B31829-7AFC-45C5-878A-68BD722CB53F}.Debug|x86.ActiveCfg = Debug|Any CPU
		{60B31829-7AFC-45C5-878A-68BD722CB53F}.Debug|x86.Build.0 = Debug|Any CPU
		{60B31829-7AFC-45C5-878A-68BD722CB53F}.Release|Any CPU.ActiveCfg = Release|Any CPU
		{60B31829-7AFC-45C5-878A-68BD722CB53F}.Release|Any CPU.Build.0 = Release|Any CPU
		{60B31829-7AFC-45C5-878A-68BD722CB53F}.Release|x64.ActiveCfg = Release|Any CPU
		{60B31829-7AFC-45C5-878A-68BD722CB53F}.Release|x64.Build.0 = Release|Any CPU
		{60B31829-7AFC-45C5-878A-68BD722CB53F}.Release|x86.ActiveCfg = Release|Any CPU
		{60B31829-7AFC-45C5-878A-68BD722CB53F}.Release|x86.Build.0 = Release|Any CPU
		{858C4E94-F7C5-468B-9034-948D5137301A}.Debug|Any CPU.ActiveCfg = Debug|Any CPU
		{858C4E94-F7C5-468B-9034-948D5137301A}.Debug|Any CPU.Build.0 = Debug|Any CPU
		{858C4E94-F7C5-468B-9034-948D5137301A}.Debug|x64.ActiveCfg = Debug|Any CPU
		{858C4E94-F7C5-468B-9034-948D5137301A}.Debug|x64.Build.0 = Debug|Any CPU
		{858C4E94-F7C5-468B-9034-948D5137301A}.Debug|x86.ActiveCfg = Debug|Any CPU
		{858C4E94-F7C5-468B-9034-948D5137301A}.Debug|x86.Build.0 = Debug|Any CPU
		{858C4E94-F7C5-468B-9034-948D5137301A}.Release|Any CPU.ActiveCfg = Release|Any CPU
		{858C4E94-F7C5-468B-9034-948D5137301A}.Release|Any CPU.Build.0 = Release|Any CPU
		{858C4E94-F7C5-468B-9034-948D5137301A}.Release|x64.ActiveCfg = Release|Any CPU
		{858C4E94-F7C5-468B-9034-948D5137301A}.Release|x64.Build.0 = Release|Any CPU
		{858C4E94-F7C5-468B-9034-948D5137301A}.Release|x86.ActiveCfg = Release|Any CPU
		{858C4E94-F7C5-468B-9034-948D5137301A}.Release|x86.Build.0 = Release|Any CPU
	EndGlobalSection
	GlobalSection(SolutionProperties) = preSolution
		HideSolutionNode = FALSE
	EndGlobalSection
	GlobalSection(NestedProjects) = preSolution
		{871CB317-38D4-44B8-8421-960D1A195311} = {827E0CD3-B72D-47B6-A68D-7590B98EB39B}
		{C297A91D-AD82-4309-9125-1435E629BE75} = {827E0CD3-B72D-47B6-A68D-7590B98EB39B}
		{22AC6E59-E779-4949-BD20-C657A0F3C89C} = {827E0CD3-B72D-47B6-A68D-7590B98EB39B}
		{F6F98ED1-DAEC-44F3-91C5-E2AE68F76637} = {827E0CD3-B72D-47B6-A68D-7590B98EB39B}
		{60B31829-7AFC-45C5-878A-68BD722CB53F} = {827E0CD3-B72D-47B6-A68D-7590B98EB39B}
		{858C4E94-F7C5-468B-9034-948D5137301A} = {0AB3BF05-4346-4AA6-1389-037BE0695223}
	EndGlobalSection
EndGlobal
